Microsoft Visual Studio Solution File, Format Version 12.00
# Visual Studio Version 17
VisualStudioVersion = 17.5.2.0
MinimumVisualStudioVersion = 10.0.40219.1
Project("{FAE04EC0-301F-11D3-BF4B-00C04F79EFBC}") = "VendorPortalAPI", "VendorPortalAPI.csproj", "{042BE522-66D6-F878-7A74-D86F0052E2B7}"
EndProject
Global
	GlobalSection(SolutionConfigurationPlatforms) = preSolution
		Debug|Any CPU = Debug|Any CPU
		Release|Any CPU = Release|Any CPU
	EndGlobalSection
	GlobalSection(ProjectConfigurationPlatforms) = postSolution
		{042BE522-66D6-F878-7A74-D86F0052E2B7}.Debug|Any CPU.ActiveCfg = Debug|Any CPU
		{042BE522-66D6-F878-7A74-D86F0052E2B7}.Debug|Any CPU.Build.0 = Debug|Any CPU
		{042BE522-66D6-F878-7A74-D86F0052E2B7}.Release|Any CPU.ActiveCfg = Release|Any CPU
		{042BE522-66D6-F878-7A74-D86F0052E2B7}.Release|Any CPU.Build.0 = Release|Any CPU
	EndGlobalSection
	GlobalSection(SolutionProperties) = preSolution
		HideSolutionNode = FALSE
	EndGlobalSection
	GlobalSection(ExtensibilityGlobals) = postSolution
		SolutionGuid = {1A61EDEF-52EA-42D4-862F-1712DA33FDEC}
	EndGlobalSection
EndGlobal
